
Microsoft Visual Studio Solution File, Format Version 12.00
# Visual Studio Version 16
VisualStudioVersion = 16.0.34407.143
MinimumVisualStudioVersion = 10.0.40219.1
Project("{8BC9CEB8-8B4A-11D0-8D11-00A0C91BC942}") = "httpUrl", "httpUrl\httpUrl.vcxproj", "{E1984E62-2AD2-49EF-82B6-BD1A3FE569FF}"
EndProject
Project("{8BC9CEB8-8B4A-11D0-8D11-00A0C91BC942}") = "tests", "tests\tests.vcxproj", "{F376A5EB-778A-42D8-913D-FE04FB48D1A1}"
EndProject
Global
	GlobalSection(SolutionConfigurationPlatforms) = preSolution
		Debug|x64 = Debug|x64
		Debug|x86 = Debug|x86
		Release|x64 = Release|x64
		Release|x86 = Release|x86
	EndGlobalSection
	GlobalSection(ProjectConfigurationPlatforms) = postSolution
		{E1984E62-2AD2-49EF-82B6-BD1A3FE569FF}.Debug|x64.ActiveCfg = Debug|x64
		{E1984E62-2AD2-49EF-82B6-BD1A3FE569FF}.Debug|x64.Build.0 = Debug|x64
		{E1984E62-2AD2-49EF-82B6-BD1A3FE569FF}.Debug|x86.ActiveCfg = Debug|Win32
		{E1984E62-2AD2-49EF-82B6-BD1A3FE569FF}.Debug|x86.Build.0 = Debug|Win32
		{E1984E62-2AD2-49EF-82B6-BD1A3FE569FF}.Release|x64.ActiveCfg = Release|x64
		{E1984E62-2AD2-49EF-82B6-BD1A3FE569FF}.Release|x64.Build.0 = Release|x64
		{E1984E62-2AD2-49EF-82B6-BD1A3FE569FF}.Release|x86.ActiveCfg = Release|Win32
		{E1984E62-2AD2-49EF-82B6-BD1A3FE569FF}.Release|x86.Build.0 = Release|Win32
		{F376A5EB-778A-42D8-913D-FE04FB48D1A1}.Debug|x64.ActiveCfg = Debug|x64
		{F376A5EB-778A-42D8-913D-FE04FB48D1A1}.Debug|x64.Build.0 = Debug|x64
		{F376A5EB-778A-42D8-913D-FE04FB48D1A1}.Debug|x86.ActiveCfg = Debug|Win32
		{F376A5EB-778A-42D8-913D-FE04FB48D1A1}.Debug|x86.Build.0 = Debug|Win32
		{F376A5EB-778A-42D8-913D-FE04FB48D1A1}.Release|x64.ActiveCfg = Release|x64
		{F376A5EB-778A-42D8-913D-FE04FB48D1A1}.Release|x64.Build.0 = Release|x64
		{F376A5EB-778A-42D8-913D-FE04FB48D1A1}.Release|x86.ActiveCfg = Release|Win32
		{F376A5EB-778A-42D8-913D-FE04FB48D1A1}.Release|x86.Build.0 = Release|Win32
	EndGlobalSection
	GlobalSection(SolutionProperties) = preSolution
		HideSolutionNode = FALSE
	EndGlobalSection
	GlobalSection(ExtensibilityGlobals) = postSolution
		SolutionGuid = {A4F6A452-3C4F-4815-BFF3-42828A6B41F4}
	EndGlobalSection
EndGlobal
